
Microsoft Visual Studio Solution File, Format Version 12.00
# Visual Studio Version 17
VisualStudioVersion = 17.10.35013.160
MinimumVisualStudioVersion = 10.0.40219.1
Project("{FAE04EC0-301F-11D3-BF4B-00C04F79EFBC}") = "fachaGym", "fachaGym.csproj", "{48779E49-AC85-4E1B-96D6-59655F52417D}"
EndProject
Global
	GlobalSection(SolutionConfigurationPlatforms) = preSolution
		Debug|Any CPU = Debug|Any CPU
		Release|Any CPU = Release|Any CPU
	EndGlobalSection
	GlobalSection(ProjectConfigurationPlatforms) = postSolution
		{48779E49-AC85-4E1B-96D6-59655F52417D}.Debug|Any CPU.ActiveCfg = Debug|Any CPU
		{48779E49-AC85-4E1B-96D6-59655F52417D}.Debug|Any CPU.Build.0 = Debug|Any CPU
		{48779E49-AC85-4E1B-96D6-59655F52417D}.Release|Any CPU.ActiveCfg = Release|Any CPU
		{48779E49-AC85-4E1B-96D6-59655F52417D}.Release|Any CPU.Build.0 = Release|Any CPU
	EndGlobalSection
	GlobalSection(SolutionProperties) = preSolution
		HideSolutionNode = FALSE
	EndGlobalSection
	GlobalSection(ExtensibilityGlobals) = postSolution
		SolutionGuid = {336B3FF6-8D5A-405C-9D5E-81A364391C52}
	EndGlobalSection
EndGlobal
